
Microsoft Visual Studio Solution File, Format Version 12.00
# Visual Studio Version 16
VisualStudioVersion = 16.0.30804.86
MinimumVisualStudioVersion = 10.0.40219.1
Project("{FAE04EC0-301F-11D3-BF4B-00C04F79EFBC}") = "HandleWithCare", "HandleWithCare\HandleWithCare.csproj", "{0694075C-8FEF-4FC8-B784-63629D88B92D}"
EndProject
Global
	GlobalSection(SolutionConfigurationPlatforms) = preSolution
		Debug|Any CPU = Debug|Any CPU
		Release|Any CPU = Release|Any CPU
	EndGlobalSection
	GlobalSection(ProjectConfigurationPlatforms) = postSolution
		{0694075C-8FEF-4FC8-B784-63629D88B92D}.Debug|Any CPU.ActiveCfg = Debug|Any CPU
		{0694075C-8FEF-4FC8-B784-63629D88B92D}.Debug|Any CPU.Build.0 = Debug|Any CPU
		{0694075C-8FEF-4FC8-B784-63629D88B92D}.Release|Any CPU.ActiveCfg = Release|Any CPU
		{0694075C-8FEF-4FC8-B784-63629D88B92D}.Release|Any CPU.Build.0 = Release|Any CPU
	EndGlobalSection
	GlobalSection(SolutionProperties) = preSolution
		HideSolutionNode = FALSE
	EndGlobalSection
	GlobalSection(ExtensibilityGlobals) = postSolution
		SolutionGuid = {D0D45F06-63A8-44A8-A244-01BAE964914A}
	EndGlobalSection
EndGlobal
